
Microsoft Visual Studio Solution File, Format Version 12.00
# Visual Studio Version 17
VisualStudioVersion = 17.4.33205.214
MinimumVisualStudioVersion = 10.0.40219.1
Project("{9A19103F-16F7-4668-BE54-9A1E7A4F7556}") = "LundqvistForms", "LundqvistForms\LundqvistForms.csproj", "{BC676CC4-9896-4485-872C-205A6D65A0C0}"
EndProject
Project("{9A19103F-16F7-4668-BE54-9A1E7A4F7556}") = "FormsLibrary", "FormsLibrary\FormsLibrary.csproj", "{7D1DAEBA-EADD-412E-9F7A-03C76AB45ACB}"
EndProject
Global
	GlobalSection(SolutionConfigurationPlatforms) = preSolution
		Debug|Any CPU = Debug|Any CPU
		Release|Any CPU = Release|Any CPU
	EndGlobalSection
	GlobalSection(ProjectConfigurationPlatforms) = postSolution
		{BC676CC4-9896-4485-872C-205A6D65A0C0}.Debug|Any CPU.ActiveCfg = Debug|Any CPU
		{BC676CC4-9896-4485-872C-205A6D65A0C0}.Debug|Any CPU.Build.0 = Debug|Any CPU
		{BC676CC4-9896-4485-872C-205A6D65A0C0}.Release|Any CPU.ActiveCfg = Release|Any CPU
		{BC676CC4-9896-4485-872C-205A6D65A0C0}.Release|Any CPU.Build.0 = Release|Any CPU
		{7D1DAEBA-EADD-412E-9F7A-03C76AB45ACB}.Debug|Any CPU.ActiveCfg = Debug|Any CPU
		{7D1DAEBA-EADD-412E-9F7A-03C76AB45ACB}.Debug|Any CPU.Build.0 = Debug|Any CPU
		{7D1DAEBA-EADD-412E-9F7A-03C76AB45ACB}.Release|Any CPU.ActiveCfg = Release|Any CPU
		{7D1DAEBA-EADD-412E-9F7A-03C76AB45ACB}.Release|Any CPU.Build.0 = Release|Any CPU
	EndGlobalSection
	GlobalSection(SolutionProperties) = preSolution
		HideSolutionNode = FALSE
	EndGlobalSection
	GlobalSection(ExtensibilityGlobals) = postSolution
		SolutionGuid = {C62945D4-479E-4737-A166-D02499627258}
	EndGlobalSection
EndGlobal
